
Microsoft Visual Studio Solution File, Format Version 12.00
# Visual Studio 15
VisualStudioVersion = 15.0.26430.6
MinimumVisualStudioVersion = 10.0.40219.1
Project("{FAE04EC0-301F-11D3-BF4B-00C04F79EFBC}") = "LeagueGram", "LeagueGram\LeagueGram.csproj", "{D173F88A-5507-45E0-A647-5B93EA9F7F8D}"
EndProject
Project("{FAE04EC0-301F-11D3-BF4B-00C04F79EFBC}") = "LeagueGram.UnitTests", "LeagueGram.UnitTests\LeagueGram.UnitTests.csproj", "{377A9C1F-FA88-4294-A65D-45E12AC49F94}"
EndProject
Global
	GlobalSection(SolutionConfigurationPlatforms) = preSolution
		Debug|Any CPU = Debug|Any CPU
		Release|Any CPU = Release|Any CPU
	EndGlobalSection
	GlobalSection(ProjectConfigurationPlatforms) = postSolution
		{D173F88A-5507-45E0-A647-5B93EA9F7F8D}.Debug|Any CPU.ActiveCfg = Debug|Any CPU
		{D173F88A-5507-45E0-A647-5B93EA9F7F8D}.Debug|Any CPU.Build.0 = Debug|Any CPU
		{D173F88A-5507-45E0-A647-5B93EA9F7F8D}.Release|Any CPU.ActiveCfg = Release|Any CPU
		{D173F88A-5507-45E0-A647-5B93EA9F7F8D}.Release|Any CPU.Build.0 = Release|Any CPU
		{377A9C1F-FA88-4294-A65D-45E12AC49F94}.Debug|Any CPU.ActiveCfg = Debug|Any CPU
		{377A9C1F-FA88-4294-A65D-45E12AC49F94}.Debug|Any CPU.Build.0 = Debug|Any CPU
		{377A9C1F-FA88-4294-A65D-45E12AC49F94}.Release|Any CPU.ActiveCfg = Release|Any CPU
		{377A9C1F-FA88-4294-A65D-45E12AC49F94}.Release|Any CPU.Build.0 = Release|Any CPU
	EndGlobalSection
	GlobalSection(SolutionProperties) = preSolution
		HideSolutionNode = FALSE
	EndGlobalSection
EndGlobal
