
Microsoft Visual Studio Solution File, Format Version 12.00
Project("{FAE04EC0-301F-11D3-BF4B-00C04F79EFBC}") = "Messenger", "Messenger\Messenger.csproj", "{C573F098-DAA7-48CB-B03F-42893C6C1971}"
EndProject
Project("{FAE04EC0-301F-11D3-BF4B-00C04F79EFBC}") = "Messenger.Tests", "Messenger.Tests\Messenger.Tests.csproj", "{8B80BC03-BD11-491A-8C06-33AC546B46C0}"
EndProject
Project("{FAE04EC0-301F-11D3-BF4B-00C04F79EFBC}") = "MessengerUsage", "MessengerUsage\MessengerUsage.csproj", "{30110D81-63FD-4705-970F-552EA46B292A}"
EndProject
Global
	GlobalSection(SolutionConfigurationPlatforms) = preSolution
		Debug|Any CPU = Debug|Any CPU
		Release|Any CPU = Release|Any CPU
	EndGlobalSection
	GlobalSection(ProjectConfigurationPlatforms) = postSolution
		{C573F098-DAA7-48CB-B03F-42893C6C1971}.Debug|Any CPU.ActiveCfg = Debug|Any CPU
		{C573F098-DAA7-48CB-B03F-42893C6C1971}.Debug|Any CPU.Build.0 = Debug|Any CPU
		{C573F098-DAA7-48CB-B03F-42893C6C1971}.Release|Any CPU.ActiveCfg = Release|Any CPU
		{C573F098-DAA7-48CB-B03F-42893C6C1971}.Release|Any CPU.Build.0 = Release|Any CPU
		{8B80BC03-BD11-491A-8C06-33AC546B46C0}.Debug|Any CPU.ActiveCfg = Debug|Any CPU
		{8B80BC03-BD11-491A-8C06-33AC546B46C0}.Debug|Any CPU.Build.0 = Debug|Any CPU
		{8B80BC03-BD11-491A-8C06-33AC546B46C0}.Release|Any CPU.ActiveCfg = Release|Any CPU
		{8B80BC03-BD11-491A-8C06-33AC546B46C0}.Release|Any CPU.Build.0 = Release|Any CPU
		{30110D81-63FD-4705-970F-552EA46B292A}.Debug|Any CPU.ActiveCfg = Debug|Any CPU
		{30110D81-63FD-4705-970F-552EA46B292A}.Debug|Any CPU.Build.0 = Debug|Any CPU
		{30110D81-63FD-4705-970F-552EA46B292A}.Release|Any CPU.ActiveCfg = Release|Any CPU
		{30110D81-63FD-4705-970F-552EA46B292A}.Release|Any CPU.Build.0 = Release|Any CPU
	EndGlobalSection
EndGlobal
